hash: 22e42a262cb51c09d2a40bae5bfb6581b95b1834870228fc418b979ebbdf2e25
updated: 2018-06-18T13:39:36.849343+10:00
imports:
- name: github.com/go-zoo/bone
  version: fd0aebc74e908868b09ac140fb5a53cb363884c1
- name: github.com/labstack/echo
  version: 6d227dfea4d2e52cb76856120b3c17f758139b4e
  subpackages:
  - '...'
- name: github.com/stretchr/testify
  version: f35b8ab0b5a2cef36673838d662e249dd9c94686
- name: google.golang.org/grpc
  version: 7a6a684ca69eb4cae85ad0a484f2e531598c047b
testImports: []
